<?xml version="1.0" encoding="utf-8"?>
<Project ToolsVersion="4.0" xmlns="http://schemas.microsoft.com/developer/msbuild/2003">
  <ItemGroup>
    <Filter Include="Resource Files">
      <UniqueIdentifier>{67DA6AB6-F800-4c08-8B7A-83BB121AAD01}</UniqueIdentifier>
      <Extensions>rc;ico;cur;bmp;dlg;rc2;rct;bin;rgs;gif;jpg;jpeg;jpe;resx;tiff;tif;png;wav;mfcribbon-ms</Extensions>
    </Filter>
    <Filter Include="src">
      <UniqueIdentifier>{da66ca9a-a476-457d-bf69-069129ee8e9d}</UniqueIdentifier>
    </Filter>
    <Filter Include="include">
      <UniqueIdentifier>{93995380-89BD-4b04-88EB-625FBE52EBFB}</UniqueIdentifier>
      <Extensions>h;hh;hpp;hxx;h++;hm;inl;inc;ipp;xsd</Extensions>
    </Filter>
  </ItemGroup>
  <ItemGroup>
    <ClCompile Include="src\chip8.cpp">
      <Filter>src</Filter>
    </ClCompile>
    <ClCompile Include="src\instruction.cpp">
      <Filter>src</Filter>
    </ClCompile>
    <ClCompile Include="src\main.cpp">
      <Filter>src</Filter>
    </ClCompile>
    <ClCompile Include="src\registers.cpp">
      <Filter>src</Filter>
    </ClCompile>
    <ClCompile Include="src\memory.cpp">
      <Filter>src</Filter>
    </ClCompile>
    <ClCompile Include="src\display.cpp">
      <Filter>src</Filter>
    </ClCompile>
    <ClCompile Include="src\timer.cpp">
      <Filter>src</Filter>
    </ClCompile>
    <ClCompile Include="stack.cpp">
      <Filter>src</Filter>
    </ClCompile>
    <ClCompile Include="src\keypad.cpp">
      <Filter>src</Filter>
    </ClCompile>
  </ItemGroup>
  <ItemGroup>
    <ClInclude Include="include\chip8.h">
      <Filter>include</Filter>
    </ClInclude>
    <ClInclude Include="include\instruction.h">
      <Filter>include</Filter>
    </ClInclude>
    <ClInclude Include="include\memory.h">
      <Filter>include</Filter>
    </ClInclude>
    <ClInclude Include="include\registers.h">
      <Filter>include</Filter>
    </ClInclude>
    <ClInclude Include="include\display.h">
      <Filter>include</Filter>
    </ClInclude>
    <ClInclude Include="include\timer.h">
      <Filter>include</Filter>
    </ClInclude>
    <ClInclude Include="stack.h">
      <Filter>include</Filter>
    </ClInclude>
    <ClInclude Include="include\keypad.h">
      <Filter>include</Filter>
    </ClInclude>
  </ItemGroup>
</Project>